
Microsoft Visual Studio Solution File, Format Version 12.00
# Visual Studio Version 16
VisualStudioVersion = 16.0.29326.143
MinimumVisualStudioVersion = 10.0.40219.1
Project("{FAE04EC0-301F-11D3-BF4B-00C04F79EFBC}") = "1-Polymorphism", "1-Polymorphism\1-Polymorphism.csproj", "{83943402-23F6-4B51-90E3-38F116E5C63F}"
EndProject
Global
	GlobalSection(SolutionConfigurationPlatforms) = preSolution
		Debug|Any CPU = Debug|Any CPU
		Release|Any CPU = Release|Any CPU
	EndGlobalSection
	GlobalSection(ProjectConfigurationPlatforms) = postSolution
		{83943402-23F6-4B51-90E3-38F116E5C63F}.Debug|Any CPU.ActiveCfg = Debug|Any CPU
		{83943402-23F6-4B51-90E3-38F116E5C63F}.Debug|Any CPU.Build.0 = Debug|Any CPU
		{83943402-23F6-4B51-90E3-38F116E5C63F}.Release|Any CPU.ActiveCfg = Release|Any CPU
		{83943402-23F6-4B51-90E3-38F116E5C63F}.Release|Any CPU.Build.0 = Release|Any CPU
	EndGlobalSection
	GlobalSection(SolutionProperties) = preSolution
		HideSolutionNode = FALSE
	EndGlobalSection
	GlobalSection(ExtensibilityGlobals) = postSolution
		SolutionGuid = {4A99469F-2B3A-4D58-A086-B3F0D9B53EDE}
	EndGlobalSection
EndGlobal
